
Microsoft Visual Studio Solution File, Format Version 12.00
# Visual Studio Version 16
VisualStudioVersion = 16.0.31129.286
MinimumVisualStudioVersion = 10.0.40219.1
Project("{FAE04EC0-301F-11D3-BF4B-00C04F79EFBC}") = "ASEFInal", "ASEFInal\ASEFInal.csproj", "{7593172E-ACDE-4D2C-A29D-5C20DFE56BB9}"
EndProject
Project("{FAE04EC0-301F-11D3-BF4B-00C04F79EFBC}") = "UnitTest", "UnitTest\UnitTest.csproj", "{BE1DECC3-6FB1-4436-978C-3A3569C3745E}"
EndProject
Global
	GlobalSection(SolutionConfigurationPlatforms) = preSolution
		Debug|Any CPU = Debug|Any CPU
		Release|Any CPU = Release|Any CPU
	EndGlobalSection
	GlobalSection(ProjectConfigurationPlatforms) = postSolution
		{7593172E-ACDE-4D2C-A29D-5C20DFE56BB9}.Debug|Any CPU.ActiveCfg = Debug|Any CPU
		{7593172E-ACDE-4D2C-A29D-5C20DFE56BB9}.Debug|Any CPU.Build.0 = Debug|Any CPU
		{7593172E-ACDE-4D2C-A29D-5C20DFE56BB9}.Release|Any CPU.ActiveCfg = Release|Any CPU
		{7593172E-ACDE-4D2C-A29D-5C20DFE56BB9}.Release|Any CPU.Build.0 = Release|Any CPU
		{BE1DECC3-6FB1-4436-978C-3A3569C3745E}.Debug|Any CPU.ActiveCfg = Debug|Any CPU
		{BE1DECC3-6FB1-4436-978C-3A3569C3745E}.Debug|Any CPU.Build.0 = Debug|Any CPU
		{BE1DECC3-6FB1-4436-978C-3A3569C3745E}.Release|Any CPU.ActiveCfg = Release|Any CPU
		{BE1DECC3-6FB1-4436-978C-3A3569C3745E}.Release|Any CPU.Build.0 = Release|Any CPU
	EndGlobalSection
	GlobalSection(SolutionProperties) = preSolution
		HideSolutionNode = FALSE
	EndGlobalSection
	GlobalSection(ExtensibilityGlobals) = postSolution
		SolutionGuid = {CF4398B7-E2A7-4090-917F-15356406F09A}
	EndGlobalSection
EndGlobal
